PODS:
  - HoloTableView (1.7.0)
  - HoloTableViewMGPlugin (0.2.0):
    - HoloTableView (>= 1.7.0)
    - MGSwipeTableCell (>= 1.6.11)
  - MGSwipeTableCell (1.6.11)

DEPENDENCIES:
  - HoloTableViewMGPlugin (from `../`)

SPEC REPOS:
  trunk:
    - HoloTableView
    - MGSwipeTableCell

EXTERNAL SOURCES:
  HoloTableViewMGPlugin:
    :path: "../"

SPEC CHECKSUMS:
  HoloTableView: 108cd10ef43da2cbf1d0d732aefca88f26a6bc89
  HoloTableViewMGPlugin: c883e24592359a27893cfc0897dd9d2dae0dc393
  MGSwipeTableCell: b804e4e450dee439c42250be90bd50458bf67fce

PODFILE CHECKSUM: 050080c758aa87de46106f4ef92c5d25be77d42a

COCOAPODS: 1.8.4
